
Microsoft Visual Studio Solution File, Format Version 12.00
# Visual Studio Version 17
VisualStudioVersion = 17.3.32929.385
MinimumVisualStudioVersion = 10.0.40219.1
Project("{FAE04EC0-301F-11D3-BF4B-00C04F79EFBC}") = "demorRestau", "demorRestau\demorRestau.csproj", "{046FFF22-0729-45BD-8CB5-328D97AE564B}"
EndProject
Global
	GlobalSection(SolutionConfigurationPlatforms) = preSolution
		Debug|Any CPU = Debug|Any CPU
		Release|Any CPU = Release|Any CPU
	EndGlobalSection
	GlobalSection(ProjectConfigurationPlatforms) = postSolution
		{046FFF22-0729-45BD-8CB5-328D97AE564B}.Debug|Any CPU.ActiveCfg = Debug|Any CPU
		{046FFF22-0729-45BD-8CB5-328D97AE564B}.Debug|Any CPU.Build.0 = Debug|Any CPU
		{046FFF22-0729-45BD-8CB5-328D97AE564B}.Release|Any CPU.ActiveCfg = Release|Any CPU
		{046FFF22-0729-45BD-8CB5-328D97AE564B}.Release|Any CPU.Build.0 = Release|Any CPU
	EndGlobalSection
	GlobalSection(SolutionProperties) = preSolution
		HideSolutionNode = FALSE
	EndGlobalSection
	GlobalSection(ExtensibilityGlobals) = postSolution
		SolutionGuid = {FC0B2F42-0BFE-4C22-87A8-1CC766D2618D}
	EndGlobalSection
EndGlobal
