
Microsoft Visual Studio Solution File, Format Version 12.00
# Visual Studio Version 17
VisualStudioVersion = 17.3.32929.385
MinimumVisualStudioVersion = 10.0.40219.1
Project("{FAE04EC0-301F-11D3-BF4B-00C04F79EFBC}") = "InventoryWebApi1", "InventoryWebApi1\InventoryWebApi1.csproj", "{BF5A95A9-5450-42C8-93B9-0B2C6112BAB6}"
EndProject
Global
	GlobalSection(SolutionConfigurationPlatforms) = preSolution
		Debug|Any CPU = Debug|Any CPU
		Release|Any CPU = Release|Any CPU
	EndGlobalSection
	GlobalSection(ProjectConfigurationPlatforms) = postSolution
		{BF5A95A9-5450-42C8-93B9-0B2C6112BAB6}.Debug|Any CPU.ActiveCfg = Debug|Any CPU
		{BF5A95A9-5450-42C8-93B9-0B2C6112BAB6}.Debug|Any CPU.Build.0 = Debug|Any CPU
		{BF5A95A9-5450-42C8-93B9-0B2C6112BAB6}.Release|Any CPU.ActiveCfg = Release|Any CPU
		{BF5A95A9-5450-42C8-93B9-0B2C6112BAB6}.Release|Any CPU.Build.0 = Release|Any CPU
	EndGlobalSection
	GlobalSection(SolutionProperties) = preSolution
		HideSolutionNode = FALSE
	EndGlobalSection
	GlobalSection(ExtensibilityGlobals) = postSolution
		SolutionGuid = {AF35B641-1663-40AC-AE79-AF7B20EFBAB6}
	EndGlobalSection
EndGlobal
