
Microsoft Visual Studio Solution File, Format Version 12.00
# Visual Studio Version 17
VisualStudioVersion = 17.3.32929.385
MinimumVisualStudioVersion = 10.0.40219.1
Project("{FAE04EC0-301F-11D3-BF4B-00C04F79EFBC}") = "RestAPi", "RestAPi\RestAPi.csproj", "{EEF666BC-D5C8-43C6-9599-2FF8DA85B9D5}"
EndProject
Global
	GlobalSection(SolutionConfigurationPlatforms) = preSolution
		Debug|Any CPU = Debug|Any CPU
		Release|Any CPU = Release|Any CPU
	EndGlobalSection
	GlobalSection(ProjectConfigurationPlatforms) = postSolution
		{EEF666BC-D5C8-43C6-9599-2FF8DA85B9D5}.Debug|Any CPU.ActiveCfg = Debug|Any CPU
		{EEF666BC-D5C8-43C6-9599-2FF8DA85B9D5}.Debug|Any CPU.Build.0 = Debug|Any CPU
		{EEF666BC-D5C8-43C6-9599-2FF8DA85B9D5}.Release|Any CPU.ActiveCfg = Release|Any CPU
		{EEF666BC-D5C8-43C6-9599-2FF8DA85B9D5}.Release|Any CPU.Build.0 = Release|Any CPU
	EndGlobalSection
	GlobalSection(SolutionProperties) = preSolution
		HideSolutionNode = FALSE
	EndGlobalSection
	GlobalSection(ExtensibilityGlobals) = postSolution
		SolutionGuid = {48C136B8-FB29-465F-8A8F-FF87F7EC36EF}
	EndGlobalSection
EndGlobal
